# THIS IS AN AUTOGENERATED FILE. DO NOT EDIT THIS FILE DIRECTLY.
# yarn lockfile v1


"@babel/runtime@^7.3.1", "@babel/runtime@^7.5.5", "@babel/runtime@^7.8.3", "@babel/runtime@^7.8.7":
  version "7.12.5"
  resolved "https://registry.npm.taobao.org/@babel/runtime/download/@babel/runtime-7.12.5.tgz?cache=0&sync_timestamp=1604441104026&other_urls=https%3A%2F%2Fregistry.npm.taobao.org%2F%40babel%2Fruntime%2Fdownload%2F%40babel%2Fruntime-7.12.5.tgz#410e7e487441e1b360c29be715d870d9b985882e"
  integrity sha1-QQ5+SHRB4bNgwpvnFdhw2bmFiC4=
  dependencies:
    regenerator-runtime "^0.13.4"

"@emotion/is-prop-valid@^0.7.3":
  version "0.7.3"
  resolved "https://registry.npm.taobao.org/@emotion/is-prop-valid/download/@emotion/is-prop-valid-0.7.3.tgz?cache=0&sync_timestamp=1605143039128&other_urls=https%3A%2F%2Fregistry.npm.taobao.org%2F%40emotion%2Fis-prop-valid%2Fdownload%2F%40emotion%2Fis-prop-valid-0.7.3.tgz#a6bf4fa5387cbba59d44e698a4680f481a8da6cc"
  integrity sha1-pr9PpTh8u6WdROaYpGgPSBqNpsw=
  dependencies:
    "@emotion/memoize" "0.7.1"

"@emotion/memoize@0.7.1":
  version "0.7.1"
  resolved "https://registry.npm.taobao.org/@emotion/memoize/download/@emotion/memoize-0.7.1.tgz#e93c13942592cf5ef01aa8297444dc192beee52f"
  integrity sha1-6TwTlCWSz17wGqgpdETcGSvu5S8=

"@fluent-windows/core@^1.0.0":
  version "1.0.0"
  resolved "https://registry.npm.taobao.org/@fluent-windows/core/download/@fluent-windows/core-1.0.0.tgz#f0bfeaf7304bec4652c60f664c2ab9151141c435"
  integrity sha1-8L/q9zBL7EZSxg9mTCq5FRFBxDU=
  dependencies:
    "@fluent-windows/hooks" "^1.0.0"
    "@fluent-windows/icons" "^1.0.0"
    "@fluent-windows/styles" "^1.0.0"
    "@styled-system/prop-types" "^5.1.1"
    async-validator "^3.0.3"
    classnames "^2.2.6"
    prop-types "^15.7.2"
    react-transition-group "^4.2.1"
    styled-system "^5.1.1"

"@fluent-windows/hooks@^1.0.0":
  version "1.0.0"
  resolved "https://registry.npm.taobao.org/@fluent-windows/hooks/download/@fluent-windows/hooks-1.0.0.tgz#d6620e0b730988a2b15a72326c1a8c687a65fed9"
  integrity sha1-1mIOC3MJiKKxWnIybBqMaHpl/tk=
  dependencies:
    json2mq "^0.2.0"
    popper.js "^1.15.0"

"@fluent-windows/icons@^1.0.0":
  version "1.0.0"
  resolved "https://registry.npm.taobao.org/@fluent-windows/icons/download/@fluent-windows/icons-1.0.0.tgz#3b8d38e7092b93b11dee7f10e082c1d29ef33fec"
  integrity sha1-O4045wkrk7Ed7n8Q4ILB0p7zP+w=

"@fluent-windows/styles@^1.0.0":
  version "1.0.0"
  resolved "https://registry.npm.taobao.org/@fluent-windows/styles/download/@fluent-windows/styles-1.0.0.tgz#74463ca93d72de82eb7db66bd73e79dc4fc85d18"
  integrity sha1-dEY8qT1y3oLrfbZr1z553E/IXRg=
  dependencies:
    jss "^10.0.0"
    react-jss "^10.0.0"
    styled-system "^5.1.2"

"@styled-system/background@^5.1.2":
  version "5.1.2"
  resolved "https://registry.npm.taobao.org/@styled-system/background/download/@styled-system/background-5.1.2.tgz#75c63d06b497ab372b70186c0bf608d62847a2ba"
  integrity sha1-dcY9BrSXqzcrcBhsC/YI1ihHoro=
  dependencies:
    "@styled-system/core" "^5.1.2"

"@styled-system/border@^5.1.5":
  version "5.1.5"
  resolved "https://registry.npm.taobao.org/@styled-system/border/download/@styled-system/border-5.1.5.tgz#0493d4332d2b59b74bb0d57d08c73eb555761ba6"
  integrity sha1-BJPUMy0rWbdLsNV9CMc+tVV2G6Y=
  dependencies:
    "@styled-system/core" "^5.1.2"

"@styled-system/color@^5.1.2":
  version "5.1.2"
  resolved "https://registry.npm.taobao.org/@styled-system/color/download/@styled-system/color-5.1.2.tgz#b8d6b4af481faabe4abca1a60f8daa4ccc2d9f43"
  integrity sha1-uNa0r0gfqr5KvKGmD42qTMwtn0M=
  dependencies:
    "@styled-system/core" "^5.1.2"

"@styled-system/core@^5.1.2":
  version "5.1.2"
  resolved "https://registry.npm.taobao.org/@styled-system/core/download/@styled-system/core-5.1.2.tgz#b8b7b86455d5a0514f071c4fa8e434b987f6a772"
  integrity sha1-uLe4ZFXVoFFPBxxPqOQ0uYf2p3I=
  dependencies:
    object-assign "^4.1.1"

"@styled-system/css@^5.1.5":
  version "5.1.5"
  resolved "https://registry.npm.taobao.org/@styled-system/css/download/@styled-system/css-5.1.5.tgz#0460d5f3ff962fa649ea128ef58d9584f403bbbc"
  integrity sha1-BGDV8/+WL6ZJ6hKO9Y2VhPQDu7w=

"@styled-system/flexbox@^5.1.2":
  version "5.1.2"
  resolved "https://registry.npm.taobao.org/@styled-system/flexbox/download/@styled-system/flexbox-5.1.2.tgz#077090f43f61c3852df63da24e4108087a8beecf"
  integrity sha1-B3CQ9D9hw4Ut9j2iTkEICHqL7s8=
  dependencies:
    "@styled-system/core" "^5.1.2"

"@styled-system/grid@^5.1.2":
  version "5.1.2"
  resolved "https://registry.npm.taobao.org/@styled-system/grid/download/@styled-system/grid-5.1.2.tgz#7165049877732900b99cd00759679fbe45c6c573"
  integrity sha1-cWUEmHdzKQC5nNAHWWefvkXGxXM=
  dependencies:
    "@styled-system/core" "^5.1.2"

"@styled-system/layout@^5.1.2":
  version "5.1.2"
  resolved "https://registry.npm.taobao.org/@styled-system/layout/download/@styled-system/layout-5.1.2.tgz#12d73e79887e10062f4dbbbc2067462eace42339"
  integrity sha1-Etc+eYh+EAYvTbu8IGdGLqzkIzk=
  dependencies:
    "@styled-system/core" "^5.1.2"

"@styled-system/position@^5.1.2":
  version "5.1.2"
  resolved "https://registry.npm.taobao.org/@styled-system/position/download/@styled-system/position-5.1.2.tgz#56961266566836f57a24d8e8e33ce0c1adb59dd3"
  integrity sha1-VpYSZlZoNvV6JNjo4zzgwa21ndM=
  dependencies:
    "@styled-system/core" "^5.1.2"

"@styled-system/prop-types@^5.1.1":
  version "5.1.5"
  resolved "https://registry.npm.taobao.org/@styled-system/prop-types/download/@styled-system/prop-types-5.1.5.tgz#f813b78c583f9a3a9693d5eb185c2fd3dd0448a8"
  integrity sha1-+BO3jFg/mjqWk9XrGFwv090ESKg=
  dependencies:
    prop-types "^15.7.2"

"@styled-system/shadow@^5.1.2":
  version "5.1.2"
  resolved "https://registry.npm.taobao.org/@styled-system/shadow/download/@styled-system/shadow-5.1.2.tgz#beddab28d7de03cd0177a87ac4ed3b3b6d9831fd"
  integrity sha1-vt2rKNfeA80Bd6h6xO07O22YMf0=
  dependencies:
    "@styled-system/core" "^5.1.2"

"@styled-system/space@^5.1.2":
  version "5.1.2"
  resolved "https://registry.npm.taobao.org/@styled-system/space/download/@styled-system/space-5.1.2.tgz#38925d2fa29a41c0eb20e65b7c3efb6e8efce953"
  integrity sha1-OJJdL6KaQcDrIOZbfD77bo786VM=
  dependencies:
    "@styled-system/core" "^5.1.2"

"@styled-system/typography@^5.1.2":
  version "5.1.2"
  resolved "https://registry.npm.taobao.org/@styled-system/typography/download/@styled-system/typography-5.1.2.tgz#65fb791c67d50cd2900d234583eaacdca8c134f7"
  integrity sha1-Zft5HGfVDNKQDSNFg+qs3KjBNPc=
  dependencies:
    "@styled-system/core" "^5.1.2"

"@styled-system/variant@^5.1.5":
  version "5.1.5"
  resolved "https://registry.npm.taobao.org/@styled-system/variant/download/@styled-system/variant-5.1.5.tgz#8446d8aad06af3a4c723d717841df2dbe4ddeafd"
  integrity sha1-hEbYqtBq86THI9cXhB3y2+Td6v0=
  dependencies:
    "@styled-system/core" "^5.1.2"
    "@styled-system/css" "^5.1.5"

async-validator@^3.0.3:
  version "3.5.1"
  resolved "https://registry.npm.taobao.org/async-validator/download/async-validator-3.5.1.tgz#cd62b9688b2465f48420e27adb47760ab1b5559f"
  integrity sha1-zWK5aIskZfSEIOJ620d2CrG1VZ8=

babel-standalone@^6.26.0:
  version "6.26.0"
  resolved "https://registry.npm.taobao.org/babel-standalone/download/babel-standalone-6.26.0.tgz#15fb3d35f2c456695815ebf1ed96fe7f015b6886"
  integrity sha1-Ffs9NfLEVmlYFevx7Zb+fwFbaIY=

babel@^6.23.0:
  version "6.23.0"
  resolved "https://registry.npm.taobao.org/babel/download/babel-6.23.0.tgz#d0d1e7d803e974765beea3232d4e153c0efb90f4"
  integrity sha1-0NHn2APpdHZb7qMjLU4VPA77kPQ=

classnames@^2.2.6:
  version "2.2.6"
  resolved "https://registry.npm.taobao.org/classnames/download/classnames-2.2.6.tgz#43935bffdd291f326dad0a205309b38d00f650ce"
  integrity sha1-Q5Nb/90pHzJtrQogUwmzjQD2UM4=

css-jss@10.5.0:
  version "10.5.0"
  resolved "https://registry.npm.taobao.org/css-jss/download/css-jss-10.5.0.tgz#0e87aefb07ec06673aab452a4285eed23ccc42da"
  integrity sha1-Doeu+wfsBmc6q0UqQoXu0jzMQto=
  dependencies:
    "@babel/runtime" "^7.3.1"
    jss "10.5.0"
    jss-preset-default "10.5.0"

css-vendor@^2.0.8:
  version "2.0.8"
  resolved "https://registry.npm.taobao.org/css-vendor/download/css-vendor-2.0.8.tgz#e47f91d3bd3117d49180a3c935e62e3d9f7f449d"
  integrity sha1-5H+R070xF9SRgKPJNeYuPZ9/RJ0=
  dependencies:
    "@babel/runtime" "^7.8.3"
    is-in-browser "^1.0.2"

csstype@^3.0.2:
  version "3.0.5"
  resolved "https://registry.npm.taobao.org/csstype/download/csstype-3.0.5.tgz#7fdec6a28a67ae18647c51668a9ff95bb2fa7bb8"
  integrity sha1-f97GoopnrhhkfFFmip/5W7L6e7g=

dom-helpers@^5.0.1:
  version "5.2.0"
  resolved "https://registry.npm.taobao.org/dom-helpers/download/dom-helpers-5.2.0.tgz#57fd054c5f8f34c52a3eeffdb7e7e93cd357d95b"
  integrity sha1-V/0FTF+PNMUqPu/9t+fpPNNX2Vs=
  dependencies:
    "@babel/runtime" "^7.8.7"
    csstype "^3.0.2"

hoist-non-react-statics@^3.2.0, hoist-non-react-statics@^3.3.0:
  version "3.3.2"
  resolved "https://registry.npm.taobao.org/hoist-non-react-statics/download/hoist-non-react-statics-3.3.2.tgz?cache=0&sync_timestamp=1579737660183&other_urls=https%3A%2F%2Fregistry.npm.taobao.org%2Fhoist-non-react-statics%2Fdownload%2Fhoist-non-react-statics-3.3.2.tgz#ece0acaf71d62c2969c2ec59feff42a4b1a85b45"
  integrity sha1-7OCsr3HWLClpwuxZ/v9CpLGoW0U=
  dependencies:
    react-is "^16.7.0"

hyphenate-style-name@^1.0.3:
  version "1.0.4"
  resolved "https://registry.npm.taobao.org/hyphenate-style-name/download/hyphenate-style-name-1.0.4.tgz?cache=0&sync_timestamp=1594640287146&other_urls=https%3A%2F%2Fregistry.npm.taobao.org%2Fhyphenate-style-name%2Fdownload%2Fhyphenate-style-name-1.0.4.tgz#691879af8e220aea5750e8827db4ef62a54e361d"
  integrity sha1-aRh5r44iCupXUOiCfbTvYqVONh0=

indefinite-observable@^2.0.1:
  version "2.0.1"
  resolved "https://registry.npm.taobao.org/indefinite-observable/download/indefinite-observable-2.0.1.tgz#574af29bfbc17eb5947793797bddc94c9d859400"
  integrity sha1-V0rym/vBfrWUd5N5e93JTJ2FlAA=
  dependencies:
    symbol-observable "1.2.0"

is-in-browser@^1.0.2, is-in-browser@^1.1.3:
  version "1.1.3"
  resolved "https://registry.npm.taobao.org/is-in-browser/download/is-in-browser-1.1.3.tgz#56ff4db683a078c6082eb95dad7dc62e1d04f835"
  integrity sha1-Vv9NtoOgeMYILrldrX3GLh0E+DU=

"js-tokens@^3.0.0 || ^4.0.0":
  version "4.0.0"
  resolved "https://registry.npm.taobao.org/js-tokens/download/js-tokens-4.0.0.tgz#19203fb59991df98e3a287050d4647cdeaf32499"
  integrity sha1-GSA/tZmR35jjoocFDUZHzerzJJk=

json2mq@^0.2.0:
  version "0.2.0"
  resolved "https://registry.npm.taobao.org/json2mq/download/json2mq-0.2.0.tgz#b637bd3ba9eabe122c83e9720483aeb10d2c904a"
  integrity sha1-tje9O6nqvhIsg+lyBIOusQ0skEo=
  dependencies:
    string-convert "^0.2.0"

jss-plugin-camel-case@10.5.0:
  version "10.5.0"
  resolved "https://registry.npm.taobao.org/jss-plugin-camel-case/download/jss-plugin-camel-case-10.5.0.tgz#4b0a9c85e65e5eb72cbfba59373686c604d88f72"
  integrity sha1-SwqcheZeXrcsv7pZNzaGxgTYj3I=
  dependencies:
    "@babel/runtime" "^7.3.1"
    hyphenate-style-name "^1.0.3"
    jss "10.5.0"

jss-plugin-compose@10.5.0:
  version "10.5.0"
  resolved "https://registry.npm.taobao.org/jss-plugin-compose/download/jss-plugin-compose-10.5.0.tgz#c33fb1318570833b1020f3c1d1a64212e4aaa281"
  integrity sha1-wz+xMYVwgzsQIPPB0aZCEuSqooE=
  dependencies:
    "@babel/runtime" "^7.3.1"
    jss "10.5.0"
    tiny-warning "^1.0.2"

jss-plugin-default-unit@10.5.0:
  version "10.5.0"
  resolved "https://registry.npm.taobao.org/jss-plugin-default-unit/download/jss-plugin-default-unit-10.5.0.tgz#e9f2e89741b0118ba15d52b4c13bda2b27262373"
  integrity sha1-6fLol0GwEYuhXVK0wTvaKycmI3M=
  dependencies:
    "@babel/runtime" "^7.3.1"
    jss "10.5.0"

jss-plugin-expand@10.5.0:
  version "10.5.0"
  resolved "https://registry.npm.taobao.org/jss-plugin-expand/download/jss-plugin-expand-10.5.0.tgz#3213c359632422434951c142029f196dc1a0298a"
  integrity sha1-MhPDWWMkIkNJUcFCAp8ZbcGgKYo=
  dependencies:
    "@babel/runtime" "^7.3.1"
    jss "10.5.0"

jss-plugin-extend@10.5.0:
  version "10.5.0"
  resolved "https://registry.npm.taobao.org/jss-plugin-extend/download/jss-plugin-extend-10.5.0.tgz#6ad827917dec17c11835f8002e8f7a1a29370e90"
  integrity sha1-atgnkX3sF8EYNfgALo96Gik3DpA=
  dependencies:
    "@babel/runtime" "^7.3.1"
    jss "10.5.0"
    tiny-warning "^1.0.2"

jss-plugin-global@10.5.0:
  version "10.5.0"
  resolved "https://registry.npm.taobao.org/jss-plugin-global/download/jss-plugin-global-10.5.0.tgz#eb357ccd35cb4894277fb2117a78d1e498668ad6"
  integrity sha1-6zV8zTXLSJQnf7IRenjR5JhmitY=
  dependencies:
    "@babel/runtime" "^7.3.1"
    jss "10.5.0"

jss-plugin-nested@10.5.0:
  version "10.5.0"
  resolved "https://registry.npm.taobao.org/jss-plugin-nested/download/jss-plugin-nested-10.5.0.tgz#790c506432a23a63c71ceb5044e2ac85f0958702"
  integrity sha1-eQxQZDKiOmPHHOtQROKshfCVhwI=
  dependencies:
    "@babel/runtime" "^7.3.1"
    jss "10.5.0"
    tiny-warning "^1.0.2"

jss-plugin-props-sort@10.5.0:
  version "10.5.0"
  resolved "https://registry.npm.taobao.org/jss-plugin-props-sort/download/jss-plugin-props-sort-10.5.0.tgz#5bcc3bd8e68cd3e2dafb47d67db28fd5a4fcf102"
  integrity sha1-W8w72OaM0+La+0fWfbKP1aT88QI=
  dependencies:
    "@babel/runtime" "^7.3.1"
    jss "10.5.0"

jss-plugin-rule-value-function@10.5.0:
  version "10.5.0"
  resolved "https://registry.npm.taobao.org/jss-plugin-rule-value-function/download/jss-plugin-rule-value-function-10.5.0.tgz#60ee8240dfe60418e1ba4729adee893cbe9be7a3"
  integrity sha1-YO6CQN/mBBjhukcpre6JPL6b56M=
  dependencies:
    "@babel/runtime" "^7.3.1"
    jss "10.5.0"
    tiny-warning "^1.0.2"

jss-plugin-rule-value-observable@10.5.0:
  version "10.5.0"
  resolved "https://registry.npm.taobao.org/jss-plugin-rule-value-observable/download/jss-plugin-rule-value-observable-10.5.0.tgz#59d11ba49ba9af6a2f0bc4ebbbeb39663ac8ea71"
  integrity sha1-WdEbpJupr2ovC8Tru+s5ZjrI6nE=
  dependencies:
    "@babel/runtime" "^7.3.1"
    jss "10.5.0"
    symbol-observable "^1.2.0"

jss-plugin-template@10.5.0:
  version "10.5.0"
  resolved "https://registry.npm.taobao.org/jss-plugin-template/download/jss-plugin-template-10.5.0.tgz#9e3d06affa15d26eb499d9091f70077501034c3b"
  integrity sha1-nj0Gr/oV0m60mdkJH3AHdQEDTDs=
  dependencies:
    "@babel/runtime" "^7.3.1"
    jss "10.5.0"
    tiny-warning "^1.0.2"

jss-plugin-vendor-prefixer@10.5.0:
  version "10.5.0"
  resolved "https://registry.npm.taobao.org/jss-plugin-vendor-prefixer/download/jss-plugin-vendor-prefixer-10.5.0.tgz#01f04cfff31f43f153f5d71972f5800b10a2eb84"
  integrity sha1-AfBM//MfQ/FT9dcZcvWACxCi64Q=
  dependencies:
    "@babel/runtime" "^7.3.1"
    css-vendor "^2.0.8"
    jss "10.5.0"

jss-preset-default@10.5.0:
  version "10.5.0"
  resolved "https://registry.npm.taobao.org/jss-preset-default/download/jss-preset-default-10.5.0.tgz#c94086aaa03afdef7c55895279782b7f2b1b588d"
  integrity sha1-yUCGqqA6/e98VYlSeXgrfysbWI0=
  dependencies:
    "@babel/runtime" "^7.3.1"
    jss "10.5.0"
    jss-plugin-camel-case "10.5.0"
    jss-plugin-compose "10.5.0"
    jss-plugin-default-unit "10.5.0"
    jss-plugin-expand "10.5.0"
    jss-plugin-extend "10.5.0"
    jss-plugin-global "10.5.0"
    jss-plugin-nested "10.5.0"
    jss-plugin-props-sort "10.5.0"
    jss-plugin-rule-value-function "10.5.0"
    jss-plugin-rule-value-observable "10.5.0"
    jss-plugin-template "10.5.0"
    jss-plugin-vendor-prefixer "10.5.0"

jss@10.5.0, jss@^10.0.0:
  version "10.5.0"
  resolved "https://registry.npm.taobao.org/jss/download/jss-10.5.0.tgz#0c2de8a29874b2dc8162ab7f34ef6573a87d9dd3"
  integrity sha1-DC3ooph0styBYqt/NO9lc6h9ndM=
  dependencies:
    "@babel/runtime" "^7.3.1"
    csstype "^3.0.2"
    indefinite-observable "^2.0.1"
    is-in-browser "^1.1.3"
    tiny-warning "^1.0.2"

loose-envify@^1.1.0, loose-envify@^1.4.0:
  version "1.4.0"
  resolved "https://registry.npm.taobao.org/loose-envify/download/loose-envify-1.4.0.tgz#71ee51fa7be4caec1a63839f7e682d8132d30caf"
  integrity sha1-ce5R+nvkyuwaY4OffmgtgTLTDK8=
  dependencies:
    js-tokens "^3.0.0 || ^4.0.0"

object-assign@^4.1.1:
  version "4.1.1"
  resolved "https://registry.npm.taobao.org/object-assign/download/object-assign-4.1.1.tgz?cache=0&other_urls=https%3A%2F%2Fregistry.npm.taobao.org%2Fobject-assign%2Fdownload%2Fobject-assign-4.1.1.tgz#2109adc7965887cfc05cbbd442cac8bfbb360863"
  integrity sha1-IQmtx5ZYh8/AXLvUQsrIv7s2CGM=

popper.js@^1.15.0:
  version "1.16.1"
  resolved "https://registry.npm.taobao.org/popper.js/download/popper.js-1.16.1.tgz#2a223cb3dc7b6213d740e40372be40de43e65b1b"
  integrity sha1-KiI8s9x7YhPXQOQDcr5A3kPmWxs=

prop-types@^15.5.8, prop-types@^15.6.0, prop-types@^15.6.2, prop-types@^15.7.2:
  version "15.7.2"
  resolved "https://registry.npm.taobao.org/prop-types/download/prop-types-15.7.2.tgz#52c41e75b8c87e72b9d9360e0206b99dcbffa6c5"
  integrity sha1-UsQedbjIfnK52TYOAga5ncv/psU=
  dependencies:
    loose-envify "^1.4.0"
    object-assign "^4.1.1"
    react-is "^16.8.1"

react-display-name@^0.2.4:
  version "0.2.5"
  resolved "https://registry.npm.taobao.org/react-display-name/download/react-display-name-0.2.5.tgz#304c7cbfb59ee40389d436e1a822c17fe27936c6"
  integrity sha1-MEx8v7We5AOJ1DbhqCLBf+J5NsY=

react-dom@^16.13.1:
  version "16.14.0"
  resolved "https://registry.npm.taobao.org/react-dom/download/react-dom-16.14.0.tgz?cache=0&sync_timestamp=1603367522391&other_urls=https%3A%2F%2Fregistry.npm.taobao.org%2Freact-dom%2Fdownload%2Freact-dom-16.14.0.tgz#7ad838ec29a777fb3c75c3a190f661cf92ab8b89"
  integrity sha1-etg47Cmnd/s8dcOhkPZhz5Kri4k=
  dependencies:
    loose-envify "^1.1.0"
    object-assign "^4.1.1"
    prop-types "^15.6.2"
    scheduler "^0.19.1"

react-is@^16.7.0, react-is@^16.8.1:
  version "16.13.1"
  resolved "https://registry.npm.taobao.org/react-is/download/react-is-16.13.1.tgz?cache=0&sync_timestamp=1603367522719&other_urls=https%3A%2F%2Fregistry.npm.taobao.org%2Freact-is%2Fdownload%2Freact-is-16.13.1.tgz#789729a4dc36de2999dc156dd6c1d9c18cea56a4"
  integrity sha1-eJcppNw23imZ3BVt1sHZwYzqVqQ=

react-jss@^10.0.0:
  version "10.5.0"
  resolved "https://registry.npm.taobao.org/react-jss/download/react-jss-10.5.0.tgz?cache=0&sync_timestamp=1605493554057&other_urls=https%3A%2F%2Fregistry.npm.taobao.org%2Freact-jss%2Fdownload%2Freact-jss-10.5.0.tgz#a3e47e5f024d85e2f59fbf691bf276e1849dfd7f"
  integrity sha1-o+R+XwJNheL1n79pG/J24YSd/X8=
  dependencies:
    "@babel/runtime" "^7.3.1"
    "@emotion/is-prop-valid" "^0.7.3"
    css-jss "10.5.0"
    hoist-non-react-statics "^3.2.0"
    is-in-browser "^1.1.3"
    jss "10.5.0"
    jss-preset-default "10.5.0"
    prop-types "^15.6.0"
    shallow-equal "^1.2.0"
    theming "^3.3.0"
    tiny-warning "^1.0.2"

react-transition-group@^4.2.1:
  version "4.4.1"
  resolved "https://registry.npm.taobao.org/react-transition-group/download/react-transition-group-4.4.1.tgz#63868f9325a38ea5ee9535d828327f85773345c9"
  integrity sha1-Y4aPkyWjjqXulTXYKDJ/hXczRck=
  dependencies:
    "@babel/runtime" "^7.5.5"
    dom-helpers "^5.0.1"
    loose-envify "^1.4.0"
    prop-types "^15.6.2"

react@^16.13.1:
  version "16.14.0"
  resolved "https://registry.npm.taobao.org/react/download/react-16.14.0.tgz?cache=0&sync_timestamp=1603367524183&other_urls=https%3A%2F%2Fregistry.npm.taobao.org%2Freact%2Fdownload%2Freact-16.14.0.tgz#94d776ddd0aaa37da3eda8fc5b6b18a4c9a3114d"
  integrity sha1-lNd23dCqo32j7aj8W2sYpMmjEU0=
  dependencies:
    loose-envify "^1.1.0"
    object-assign "^4.1.1"
    prop-types "^15.6.2"

regenerator-runtime@^0.13.4:
  version "0.13.7"
  resolved "https://registry.npm.taobao.org/regenerator-runtime/download/regenerator-runtime-0.13.7.tgz#cac2dacc8a1ea675feaabaeb8ae833898ae46f55"
  integrity sha1-ysLazIoepnX+qrrriugziYrkb1U=

scheduler@^0.19.1:
  version "0.19.1"
  resolved "https://registry.npm.taobao.org/scheduler/download/scheduler-0.19.1.tgz?cache=0&sync_timestamp=1603369886338&other_urls=https%3A%2F%2Fregistry.npm.taobao.org%2Fscheduler%2Fdownload%2Fscheduler-0.19.1.tgz#4f3e2ed2c1a7d65681f4c854fa8c5a1ccb40f196"
  integrity sha1-Tz4u0sGn1laB9MhU+oxaHMtA8ZY=
  dependencies:
    loose-envify "^1.1.0"
    object-assign "^4.1.1"

shallow-equal@^1.2.0:
  version "1.2.1"
  resolved "https://registry.npm.taobao.org/shallow-equal/download/shallow-equal-1.2.1.tgz#4c16abfa56043aa20d050324efa68940b0da79da"
  integrity sha1-TBar+lYEOqINBQMk76aJQLDaedo=

string-convert@^0.2.0:
  version "0.2.1"
  resolved "https://registry.npm.taobao.org/string-convert/download/string-convert-0.2.1.tgz#6982cc3049fbb4cd85f8b24568b9d9bf39eeff97"
  integrity sha1-aYLMMEn7tM2F+LJFaLnZvznu/5c=

styled-system@^5.1.1, styled-system@^5.1.2:
  version "5.1.5"
  resolved "https://registry.npm.taobao.org/styled-system/download/styled-system-5.1.5.tgz#e362d73e1dbb5641a2fd749a6eba1263dc85075e"
  integrity sha1-42LXPh27VkGi/XSabroSY9yFB14=
  dependencies:
    "@styled-system/background" "^5.1.2"
    "@styled-system/border" "^5.1.5"
    "@styled-system/color" "^5.1.2"
    "@styled-system/core" "^5.1.2"
    "@styled-system/flexbox" "^5.1.2"
    "@styled-system/grid" "^5.1.2"
    "@styled-system/layout" "^5.1.2"
    "@styled-system/position" "^5.1.2"
    "@styled-system/shadow" "^5.1.2"
    "@styled-system/space" "^5.1.2"
    "@styled-system/typography" "^5.1.2"
    "@styled-system/variant" "^5.1.5"
    object-assign "^4.1.1"

symbol-observable@1.2.0, symbol-observable@^1.2.0:
  version "1.2.0"
  resolved "https://registry.npm.taobao.org/symbol-observable/download/symbol-observable-1.2.0.tgz?cache=0&sync_timestamp=1604337936252&other_urls=https%3A%2F%2Fregistry.npm.taobao.org%2Fsymbol-observable%2Fdownload%2Fsymbol-observable-1.2.0.tgz#c22688aed4eab3cdc2dfeacbb561660560a00804"
  integrity sha1-wiaIrtTqs83C3+rLtWFmBWCgCAQ=

theming@^3.3.0:
  version "3.3.0"
  resolved "https://registry.npm.taobao.org/theming/download/theming-3.3.0.tgz#dacabf04aa689edde35f1e1c117ec6de73fbf870"
  integrity sha1-2sq/BKpont3jXx4cEX7G3nP7+HA=
  dependencies:
    hoist-non-react-statics "^3.3.0"
    prop-types "^15.5.8"
    react-display-name "^0.2.4"
    tiny-warning "^1.0.2"

tiny-warning@^1.0.2:
  version "1.0.3"
  resolved "https://registry.npm.taobao.org/tiny-warning/download/tiny-warning-1.0.3.tgz#94a30db453df4c643d0fd566060d60a875d84754"
  integrity sha1-lKMNtFPfTGQ9D9VmBg1gqHXYR1Q=
